
Microsoft Visual Studio Solution File, Format Version 12.00
# Visual Studio Version 17
VisualStudioVersion = 17.11.35327.3
MinimumVisualStudioVersion = 10.0.40219.1
Project("{9A19103F-16F7-4668-BE54-9A1E7A4F7556}") = "RecettesIndex", "RecettesIndex\RecettesIndex.csproj", "{A1047D79-2F25-43AB-9FF4-957E2A3FBFB9}"
EndProject
Global
	GlobalSection(SolutionConfigurationPlatforms) = preSolution
		Debug|Any CPU = Debug|Any CPU
		Release|Any CPU = Release|Any CPU
	EndGlobalSection
	GlobalSection(ProjectConfigurationPlatforms) = postSolution
		{A1047D79-2F25-43AB-9FF4-957E2A3FBFB9}.Debug|Any CPU.ActiveCfg = Debug|Any CPU
		{A1047D79-2F25-43AB-9FF4-957E2A3FBFB9}.Debug|Any CPU.Build.0 = Debug|Any CPU
		{A1047D79-2F25-43AB-9FF4-957E2A3FBFB9}.Release|Any CPU.ActiveCfg = Release|Any CPU
		{A1047D79-2F25-43AB-9FF4-957E2A3FBFB9}.Release|Any CPU.Build.0 = Release|Any CPU
	EndGlobalSection
	GlobalSection(SolutionProperties) = preSolution
		HideSolutionNode = FALSE
	EndGlobalSection
	GlobalSection(ExtensibilityGlobals) = postSolution
		SolutionGuid = {6B87B00B-DE57-4CFD-89CF-0AE06F7A7FB5}
	EndGlobalSection
EndGlobal
